
Microsoft Visual Studio Solution File, Format Version 12.00
# Visual Studio Version 16
VisualStudioVersion = 16.0.29613.14
MinimumVisualStudioVersion = 10.0.40219.1
Project("{FAE04EC0-301F-11D3-BF4B-00C04F79EFBC}") = "Builder", "Builder\Builder.csproj", "{575E3D54-5B01-4109-86B8-B298646F1787}"
EndProject
Global
	GlobalSection(SolutionConfigurationPlatforms) = preSolution
		Debug|Any CPU = Debug|Any CPU
		Release|Any CPU = Release|Any CPU
	EndGlobalSection
	GlobalSection(ProjectConfigurationPlatforms) = postSolution
		{575E3D54-5B01-4109-86B8-B298646F1787}.Debug|Any CPU.ActiveCfg = Debug|Any CPU
		{575E3D54-5B01-4109-86B8-B298646F1787}.Debug|Any CPU.Build.0 = Debug|Any CPU
		{575E3D54-5B01-4109-86B8-B298646F1787}.Release|Any CPU.ActiveCfg = Release|Any CPU
		{575E3D54-5B01-4109-86B8-B298646F1787}.Release|Any CPU.Build.0 = Release|Any CPU
	EndGlobalSection
	GlobalSection(SolutionProperties) = preSolution
		HideSolutionNode = FALSE
	EndGlobalSection
	GlobalSection(ExtensibilityGlobals) = postSolution
		SolutionGuid = {3E381920-67C8-43A3-B657-21074901021D}
	EndGlobalSection
EndGlobal
